
Microsoft Visual Studio Solution File, Format Version 12.00
# Visual Studio Version 17
VisualStudioVersion = 17.9.34723.18
MinimumVisualStudioVersion = 10.0.40219.1
Project("{FAE04EC0-301F-11D3-BF4B-00C04F79EFBC}") = "eCommerce", "eCommerce\eCommerce.csproj", "{66B2887A-B627-438E-BE68-50DB5838108D}"
EndProject
Global
	GlobalSection(SolutionConfigurationPlatforms) = preSolution
		Debug|Any CPU = Debug|Any CPU
		Release|Any CPU = Release|Any CPU
	EndGlobalSection
	GlobalSection(ProjectConfigurationPlatforms) = postSolution
		{66B2887A-B627-438E-BE68-50DB5838108D}.Debug|Any CPU.ActiveCfg = Debug|Any CPU
		{66B2887A-B627-438E-BE68-50DB5838108D}.Debug|Any CPU.Build.0 = Debug|Any CPU
		{66B2887A-B627-438E-BE68-50DB5838108D}.Release|Any CPU.ActiveCfg = Release|Any CPU
		{66B2887A-B627-438E-BE68-50DB5838108D}.Release|Any CPU.Build.0 = Release|Any CPU
	EndGlobalSection
	GlobalSection(SolutionProperties) = preSolution
		HideSolutionNode = FALSE
	EndGlobalSection
	GlobalSection(ExtensibilityGlobals) = postSolution
		SolutionGuid = {8C636176-F211-42A0-9FF1-913F795E1FA7}
	EndGlobalSection
EndGlobal
